
Microsoft Visual Studio Solution File, Format Version 12.00
# Visual Studio Version 17
VisualStudioVersion = 17.0.31903.59
MinimumVisualStudioVersion = 10.0.40219.1
Project("{2150E333-8FDC-42A3-9474-1A3956D46DE8}") = "myapp", "myapp", "{DC0DC455-4F0B-49EE-9DF3-CB6632A9704D}"
EndProject
Project("{FAE04EC0-301F-11D3-BF4B-00C04F79EFBC}") = "ClassLibraryTest", "myapp\ClassLibraryTest\ClassLibraryTest.csproj", "{2BEB6A24-EEF8-4568-A8FC-63EE2223C021}"
EndProject
Project("{2150E333-8FDC-42A3-9474-1A3956D46DE8}") = "mylib", "mylib", "{B6DA2B85-9A26-4448-812B-C33457D37871}"
EndProject
Project("{FAE04EC0-301F-11D3-BF4B-00C04F79EFBC}") = "ClassLibrary", "mylib\ClassLibrary\ClassLibrary.csproj", "{091C607E-818A-490A-99A4-0DD7FA5D215B}"
EndProject
Global
	GlobalSection(SolutionConfigurationPlatforms) = preSolution
		Debug|Any CPU = Debug|Any CPU
		Release|Any CPU = Release|Any CPU
	EndGlobalSection
	GlobalSection(SolutionProperties) = preSolution
		HideSolutionNode = FALSE
	EndGlobalSection
	GlobalSection(ProjectConfigurationPlatforms) = postSolution
		{2BEB6A24-EEF8-4568-A8FC-63EE2223C021}.Debug|Any CPU.ActiveCfg = Debug|Any CPU
		{2BEB6A24-EEF8-4568-A8FC-63EE2223C021}.Debug|Any CPU.Build.0 = Debug|Any CPU
		{2BEB6A24-EEF8-4568-A8FC-63EE2223C021}.Release|Any CPU.ActiveCfg = Release|Any CPU
		{2BEB6A24-EEF8-4568-A8FC-63EE2223C021}.Release|Any CPU.Build.0 = Release|Any CPU
		{091C607E-818A-490A-99A4-0DD7FA5D215B}.Debug|Any CPU.ActiveCfg = Debug|Any CPU
		{091C607E-818A-490A-99A4-0DD7FA5D215B}.Debug|Any CPU.Build.0 = Debug|Any CPU
		{091C607E-818A-490A-99A4-0DD7FA5D215B}.Release|Any CPU.ActiveCfg = Release|Any CPU
		{091C607E-818A-490A-99A4-0DD7FA5D215B}.Release|Any CPU.Build.0 = Release|Any CPU
	EndGlobalSection
	GlobalSection(NestedProjects) = preSolution
		{2BEB6A24-EEF8-4568-A8FC-63EE2223C021} = {DC0DC455-4F0B-49EE-9DF3-CB6632A9704D}
		{091C607E-818A-490A-99A4-0DD7FA5D215B} = {B6DA2B85-9A26-4448-812B-C33457D37871}
	EndGlobalSection
EndGlobal
